
Microsoft Visual Studio Solution File, Format Version 12.00
# Visual Studio Version 17
VisualStudioVersion = 17.12.35527.113 d17.12
MinimumVisualStudioVersion = 10.0.40219.1
Project("{FAE04EC0-301F-11D3-BF4B-00C04F79EFBC}") = "L3WebAPI.WebAPI", "L3WebAPI.WebAPI\L3WebAPI.WebAPI.csproj", "{AD48E583-F3AF-410D-B763-B615545C9784}"
EndProject
Project("{FAE04EC0-301F-11D3-BF4B-00C04F79EFBC}") = "L3WebApi.Business", "L3WebApi.Business\L3WebApi.Business.csproj", "{54066984-0898-413E-B105-78904452077D}"
EndProject
Project("{FAE04EC0-301F-11D3-BF4B-00C04F79EFBC}") = "L3WebAPI.DataAccess", "L3WebAPI.DataAccess\L3WebAPI.DataAccess.csproj", "{17157C02-7CB4-4D05-A020-C267388136B5}"
EndProject
Project("{FAE04EC0-301F-11D3-BF4B-00C04F79EFBC}") = "L3WebAPI.Common", "L3WebAPI.Common\L3WebAPI.Common.csproj", "{61AD9BE6-B2D6-44AC-8322-963D7E86FB44}"
EndProject
Project("{FAE04EC0-301F-11D3-BF4B-00C04F79EFBC}") = "L3WebAPI.WebAPI.Tests", "L3WebAPI.WebAPI.Tests\L3WebAPI.WebAPI.Tests.csproj", "{4505ED7D-2B75-4806-A2CB-549AD3AD3957}"
EndProject
Global
	GlobalSection(SolutionConfigurationPlatforms) = preSolution
		Debug|Any CPU = Debug|Any CPU
		Release|Any CPU = Release|Any CPU
	EndGlobalSection
	GlobalSection(ProjectConfigurationPlatforms) = postSolution
		{AD48E583-F3AF-410D-B763-B615545C9784}.Debug|Any CPU.ActiveCfg = Debug|Any CPU
		{AD48E583-F3AF-410D-B763-B615545C9784}.Debug|Any CPU.Build.0 = Debug|Any CPU
		{AD48E583-F3AF-410D-B763-B615545C9784}.Release|Any CPU.ActiveCfg = Release|Any CPU
		{AD48E583-F3AF-410D-B763-B615545C9784}.Release|Any CPU.Build.0 = Release|Any CPU
		{54066984-0898-413E-B105-78904452077D}.Debug|Any CPU.ActiveCfg = Debug|Any CPU
		{54066984-0898-413E-B105-78904452077D}.Debug|Any CPU.Build.0 = Debug|Any CPU
		{54066984-0898-413E-B105-78904452077D}.Release|Any CPU.ActiveCfg = Release|Any CPU
		{54066984-0898-413E-B105-78904452077D}.Release|Any CPU.Build.0 = Release|Any CPU
		{17157C02-7CB4-4D05-A020-C267388136B5}.Debug|Any CPU.ActiveCfg = Debug|Any CPU
		{17157C02-7CB4-4D05-A020-C267388136B5}.Debug|Any CPU.Build.0 = Debug|Any CPU
		{17157C02-7CB4-4D05-A020-C267388136B5}.Release|Any CPU.ActiveCfg = Release|Any CPU
		{17157C02-7CB4-4D05-A020-C267388136B5}.Release|Any CPU.Build.0 = Release|Any CPU
		{61AD9BE6-B2D6-44AC-8322-963D7E86FB44}.Debug|Any CPU.ActiveCfg = Debug|Any CPU
		{61AD9BE6-B2D6-44AC-8322-963D7E86FB44}.Debug|Any CPU.Build.0 = Debug|Any CPU
		{61AD9BE6-B2D6-44AC-8322-963D7E86FB44}.Release|Any CPU.ActiveCfg = Release|Any CPU
		{61AD9BE6-B2D6-44AC-8322-963D7E86FB44}.Release|Any CPU.Build.0 = Release|Any CPU
		{4505ED7D-2B75-4806-A2CB-549AD3AD3957}.Debug|Any CPU.ActiveCfg = Debug|Any CPU
		{4505ED7D-2B75-4806-A2CB-549AD3AD3957}.Debug|Any CPU.Build.0 = Debug|Any CPU
		{4505ED7D-2B75-4806-A2CB-549AD3AD3957}.Release|Any CPU.ActiveCfg = Release|Any CPU
		{4505ED7D-2B75-4806-A2CB-549AD3AD3957}.Release|Any CPU.Build.0 = Release|Any CPU
	EndGlobalSection
	GlobalSection(SolutionProperties) = preSolution
		HideSolutionNode = FALSE
	EndGlobalSection
EndGlobal
